
Microsoft Visual Studio Solution File, Format Version 12.00
# Visual Studio Version 17
VisualStudioVersion = 17.3.32804.467
MinimumVisualStudioVersion = 10.0.40219.1
Project("{FAE04EC0-301F-11D3-BF4B-00C04F79EFBC}") = "HomeWork_12_BankApi", "HomeWork_12_BankApi\HomeWork_12_BankApi.csproj", "{03872A1A-B529-46C9-B808-F3363F6104BB}"
EndProject
Global
	GlobalSection(SolutionConfigurationPlatforms) = preSolution
		Debug|Any CPU = Debug|Any CPU
		Release|Any CPU = Release|Any CPU
	EndGlobalSection
	GlobalSection(ProjectConfigurationPlatforms) = postSolution
		{03872A1A-B529-46C9-B808-F3363F6104BB}.Debug|Any CPU.ActiveCfg = Debug|Any CPU
		{03872A1A-B529-46C9-B808-F3363F6104BB}.Debug|Any CPU.Build.0 = Debug|Any CPU
		{03872A1A-B529-46C9-B808-F3363F6104BB}.Release|Any CPU.ActiveCfg = Release|Any CPU
		{03872A1A-B529-46C9-B808-F3363F6104BB}.Release|Any CPU.Build.0 = Release|Any CPU
	EndGlobalSection
	GlobalSection(SolutionProperties) = preSolution
		HideSolutionNode = FALSE
	EndGlobalSection
	GlobalSection(ExtensibilityGlobals) = postSolution
		SolutionGuid = {6C77AA5E-77A6-428B-9A0F-24A55D340CBD}
	EndGlobalSection
EndGlobal
